
Microsoft Visual Studio Solution File, Format Version 12.00
# Visual Studio Version 17
VisualStudioVersion = 17.14.36408.4 d17.14
MinimumVisualStudioVersion = 10.0.40219.1
Project("{FAE04EC0-301F-11D3-BF4B-00C04F79EFBC}") = "ProductClientHub.API", "ProductClientHub.API\ProductClientHub.API.csproj", "{F45D49DB-A85C-4F5A-AA2D-CBDF743450F5}"
EndProject
Project("{FAE04EC0-301F-11D3-BF4B-00C04F79EFBC}") = "ProductClientHub.Communication", "ProductClientHub.Communication\ProductClientHub.Communication.csproj", "{96EE5580-AEA9-41D6-86B0-1BF576BB3574}"
EndProject
Project("{FAE04EC0-301F-11D3-BF4B-00C04F79EFBC}") = "ProductClientHub.Exceptions", "ProductClientHub.Exceptions\ProductClientHub.Exceptions.csproj", "{27031223-B4F7-4CA5-ADDA-A74527E9EE0F}"
EndProject
Global
	GlobalSection(SolutionConfigurationPlatforms) = preSolution
		Debug|Any CPU = Debug|Any CPU
		Release|Any CPU = Release|Any CPU
	EndGlobalSection
	GlobalSection(ProjectConfigurationPlatforms) = postSolution
		{F45D49DB-A85C-4F5A-AA2D-CBDF743450F5}.Debug|Any CPU.ActiveCfg = Debug|Any CPU
		{F45D49DB-A85C-4F5A-AA2D-CBDF743450F5}.Debug|Any CPU.Build.0 = Debug|Any CPU
		{F45D49DB-A85C-4F5A-AA2D-CBDF743450F5}.Release|Any CPU.ActiveCfg = Release|Any CPU
		{F45D49DB-A85C-4F5A-AA2D-CBDF743450F5}.Release|Any CPU.Build.0 = Release|Any CPU
		{96EE5580-AEA9-41D6-86B0-1BF576BB3574}.Debug|Any CPU.ActiveCfg = Debug|Any CPU
		{96EE5580-AEA9-41D6-86B0-1BF576BB3574}.Debug|Any CPU.Build.0 = Debug|Any CPU
		{96EE5580-AEA9-41D6-86B0-1BF576BB3574}.Release|Any CPU.ActiveCfg = Release|Any CPU
		{96EE5580-AEA9-41D6-86B0-1BF576BB3574}.Release|Any CPU.Build.0 = Release|Any CPU
		{27031223-B4F7-4CA5-ADDA-A74527E9EE0F}.Debug|Any CPU.ActiveCfg = Debug|Any CPU
		{27031223-B4F7-4CA5-ADDA-A74527E9EE0F}.Debug|Any CPU.Build.0 = Debug|Any CPU
		{27031223-B4F7-4CA5-ADDA-A74527E9EE0F}.Release|Any CPU.ActiveCfg = Release|Any CPU
		{27031223-B4F7-4CA5-ADDA-A74527E9EE0F}.Release|Any CPU.Build.0 = Release|Any CPU
	EndGlobalSection
	GlobalSection(SolutionProperties) = preSolution
		HideSolutionNode = FALSE
	EndGlobalSection
	GlobalSection(ExtensibilityGlobals) = postSolution
		SolutionGuid = {D24B599F-88A7-441A-980D-212EA445A3B7}
	EndGlobalSection
EndGlobal
